
Microsoft Visual Studio Solution File, Format Version 12.00
# Visual Studio Version 16
VisualStudioVersion = 16.0.31105.61
MinimumVisualStudioVersion = 10.0.40219.1
Project("{FAE04EC0-301F-11D3-BF4B-00C04F79EFBC}") = "DemoStatic", "DemoStatic\DemoStatic.csproj", "{26A10A8D-AA61-4200-B5FD-13E9B6FB8635}"
EndProject
Global
	GlobalSection(SolutionConfigurationPlatforms) = preSolution
		Debug|Any CPU = Debug|Any CPU
		Release|Any CPU = Release|Any CPU
	EndGlobalSection
	GlobalSection(ProjectConfigurationPlatforms) = postSolution
		{26A10A8D-AA61-4200-B5FD-13E9B6FB8635}.Debug|Any CPU.ActiveCfg = Debug|Any CPU
		{26A10A8D-AA61-4200-B5FD-13E9B6FB8635}.Debug|Any CPU.Build.0 = Debug|Any CPU
		{26A10A8D-AA61-4200-B5FD-13E9B6FB8635}.Release|Any CPU.ActiveCfg = Release|Any CPU
		{26A10A8D-AA61-4200-B5FD-13E9B6FB8635}.Release|Any CPU.Build.0 = Release|Any CPU
	EndGlobalSection
	GlobalSection(SolutionProperties) = preSolution
		HideSolutionNode = FALSE
	EndGlobalSection
	GlobalSection(ExtensibilityGlobals) = postSolution
		SolutionGuid = {144B61B4-CE39-4DCF-8970-F1EC64BEEF30}
	EndGlobalSection
EndGlobal
